
Microsoft Visual Studio Solution File, Format Version 12.00
# Visual Studio 2012
Project("{FAE04EC0-301F-11D3-BF4B-00C04F79EFBC}") = "Tarea1", "Sesion2\Tarea1.csproj", "{653F602A-E3B3-4BF3-88F5-57D82DE27870}"
EndProject
Project("{FAE04EC0-301F-11D3-BF4B-00C04F79EFBC}") = "Tarea2", "Tarea2\Tarea2.csproj", "{B0FCB2D5-F003-49E7-87B1-7F3C09110783}"
EndProject
Global
	GlobalSection(SolutionConfigurationPlatforms) = preSolution
		Debug|Any CPU = Debug|Any CPU
		Release|Any CPU = Release|Any CPU
	EndGlobalSection
	GlobalSection(ProjectConfigurationPlatforms) = postSolution
		{653F602A-E3B3-4BF3-88F5-57D82DE27870}.Debug|Any CPU.ActiveCfg = Debug|Any CPU
		{653F602A-E3B3-4BF3-88F5-57D82DE27870}.Debug|Any CPU.Build.0 = Debug|Any CPU
		{653F602A-E3B3-4BF3-88F5-57D82DE27870}.Release|Any CPU.ActiveCfg = Release|Any CPU
		{653F602A-E3B3-4BF3-88F5-57D82DE27870}.Release|Any CPU.Build.0 = Release|Any CPU
		{B0FCB2D5-F003-49E7-87B1-7F3C09110783}.Debug|Any CPU.ActiveCfg = Debug|Any CPU
		{B0FCB2D5-F003-49E7-87B1-7F3C09110783}.Debug|Any CPU.Build.0 = Debug|Any CPU
		{B0FCB2D5-F003-49E7-87B1-7F3C09110783}.Release|Any CPU.ActiveCfg = Release|Any CPU
		{B0FCB2D5-F003-49E7-87B1-7F3C09110783}.Release|Any CPU.Build.0 = Release|Any CPU
	EndGlobalSection
	GlobalSection(SolutionProperties) = preSolution
		HideSolutionNode = FALSE
	EndGlobalSection
EndGlobal
