
Microsoft Visual Studio Solution File, Format Version 12.00
# Visual Studio 2012
Project("{FAE04EC0-301F-11D3-BF4B-00C04F79EFBC}") = "TNP11", "TNP11\TNP11.csproj", "{E53BBA16-33BE-47E5-9221-72FBC5D8618F}"
EndProject
Project("{FAE04EC0-301F-11D3-BF4B-00C04F79EFBC}") = "MasterWorker", "MasterWorker\MasterWorker.csproj", "{15AD1F9C-79D8-41B9-8582-5565C7CF64D8}"
EndProject
Global
	GlobalSection(SolutionConfigurationPlatforms) = preSolution
		Debug|Any CPU = Debug|Any CPU
		Release|Any CPU = Release|Any CPU
	EndGlobalSection
	GlobalSection(ProjectConfigurationPlatforms) = postSolution
		{E53BBA16-33BE-47E5-9221-72FBC5D8618F}.Debug|Any CPU.ActiveCfg = Debug|Any CPU
		{E53BBA16-33BE-47E5-9221-72FBC5D8618F}.Debug|Any CPU.Build.0 = Debug|Any CPU
		{E53BBA16-33BE-47E5-9221-72FBC5D8618F}.Release|Any CPU.ActiveCfg = Release|Any CPU
		{E53BBA16-33BE-47E5-9221-72FBC5D8618F}.Release|Any CPU.Build.0 = Release|Any CPU
		{15AD1F9C-79D8-41B9-8582-5565C7CF64D8}.Debug|Any CPU.ActiveCfg = Debug|Any CPU
		{15AD1F9C-79D8-41B9-8582-5565C7CF64D8}.Debug|Any CPU.Build.0 = Debug|Any CPU
		{15AD1F9C-79D8-41B9-8582-5565C7CF64D8}.Release|Any CPU.ActiveCfg = Release|Any CPU
		{15AD1F9C-79D8-41B9-8582-5565C7CF64D8}.Release|Any CPU.Build.0 = Release|Any CPU
	EndGlobalSection
	GlobalSection(SolutionProperties) = preSolution
		HideSolutionNode = FALSE
	EndGlobalSection
	GlobalSection(Performance) = preSolution
		HasPerformanceSessions = true
	EndGlobalSection
EndGlobal
